<?xml version="1.0" encoding="utf-8"?>
<Project ToolsVersion="4.0" xmlns="http://schemas.microsoft.com/developer/msbuild/2003">
  <ItemGroup>
    <Filter Include="Source Files">
      <UniqueIdentifier>{4FC737F1-C7A5-4376-A066-2A32D752A2FF}</UniqueIdentifier>
      <Extensions>cpp;c;cc;cxx;def;odl;idl;hpj;bat;asm;asmx</Extensions>
    </Filter>
    <Filter Include="Objects">
      <UniqueIdentifier>{9b36af3b-3067-41a2-bd27-05c190ce71d8}</UniqueIdentifier>
    </Filter>
    <Filter Include="Objects\Entity">
      <UniqueIdentifier>{66850272-4d64-420f-8b3f-e5d1ad9771f5}</UniqueIdentifier>
    </Filter>
    <Filter Include="Map">
      <UniqueIdentifier>{c3147286-2001-483a-bf4e-3553a6e7a98e}</UniqueIdentifier>
    </Filter>
    <Filter Include="Defined">
      <UniqueIdentifier>{ac45d261-bacb-43bd-8489-b449362d2142}</UniqueIdentifier>
    </Filter>
    <Filter Include="Objects\Entity\Enemy">
      <UniqueIdentifier>{9531ee47-51bc-4fc0-8647-48fae78ba2d1}</UniqueIdentifier>
    </Filter>
    <Filter Include="Objects\Entity\Bullet">
      <UniqueIdentifier>{54408bf2-c9dd-4f48-9d83-f9bd7a2a10b9}</UniqueIdentifier>
    </Filter>
    <Filter Include="Objects\Entity\Door">
      <UniqueIdentifier>{d742b7c6-21e7-46c0-a409-2b8409281c7f}</UniqueIdentifier>
    </Filter>
    <Filter Include="Objects\Entity\Obstacle">
      <UniqueIdentifier>{8001556b-858c-4976-a486-17e324588989}</UniqueIdentifier>
    </Filter>
    <Filter Include="Objects\Entity\Player">
      <UniqueIdentifier>{7445ec2e-17ea-43c0-a311-db5f0f1e96f9}</UniqueIdentifier>
    </Filter>
    <Filter Include="Editor">
      <UniqueIdentifier>{79c9adac-6fe3-422f-bc78-1c8d6019cc57}</UniqueIdentifier>
    </Filter>
    <Filter Include="Utilities">
      <UniqueIdentifier>{f5514803-504f-4044-b751-7058d209be78}</UniqueIdentifier>
    </Filter>
    <Filter Include="Lua">
      <UniqueIdentifier>{917ce035-db30-495c-bd10-7d369607dee1}</UniqueIdentifier>
    </Filter>
    <Filter Include="Lua\Scripts">
      <UniqueIdentifier>{008ca383-1153-4db3-88ed-ae28abb4beca}</UniqueIdentifier>
    </Filter>
    <Filter Include="Lua\FunctionWrapper">
      <UniqueIdentifier>{d722e639-e5ba-44c2-8d66-ca88ebb43768}</UniqueIdentifier>
    </Filter>
  </ItemGroup>
  <ItemGroup>
    <ClCompile Include="Main.cpp">
      <Filter>Source Files</Filter>
    </ClCompile>
    <ClCompile Include="Entity.cpp">
      <Filter>Objects\Entity</Filter>
    </ClCompile>
    <ClCompile Include="Defined.cpp">
      <Filter>Defined</Filter>
    </ClCompile>
    <ClCompile Include="Player.cpp">
      <Filter>Objects\Entity\Player</Filter>
    </ClCompile>
    <ClCompile Include="Obstacle.cpp">
      <Filter>Objects\Entity\Obstacle</Filter>
    </ClCompile>
    <ClCompile Include="Game.cpp">
      <Filter>Source Files</Filter>
    </ClCompile>
    <ClCompile Include="Map.cpp">
      <Filter>Map</Filter>
    </ClCompile>
    <ClCompile Include="Bullet.cpp">
      <Filter>Objects\Entity\Bullet</Filter>
    </ClCompile>
    <ClCompile Include="Enemy.cpp">
      <Filter>Objects\Entity\Enemy</Filter>
    </ClCompile>
    <ClCompile Include="Door.cpp">
      <Filter>Objects\Entity\Door</Filter>
    </ClCompile>
    <ClCompile Include="Room.cpp">
      <Filter>Map</Filter>
    </ClCompile>
    <ClCompile Include="Dungeon.cpp">
      <Filter>Map</Filter>
    </ClCompile>
    <ClCompile Include="Editor.cpp">
      <Filter>Editor</Filter>
    </ClCompile>
    <ClCompile Include="MouseInput.cpp">
      <Filter>Utilities</Filter>
    </ClCompile>
    <ClCompile Include="LuaManager.cpp">
      <Filter>Lua</Filter>
    </ClCompile>
    <ClCompile Include="LuaFunctionsWrapper.cpp">
      <Filter>Lua\FunctionWrapper</Filter>
    </ClCompile>
    <ClCompile Include="ILuaMember.cpp">
      <Filter>Lua\FunctionWrapper</Filter>
    </ClCompile>
  </ItemGroup>
  <ItemGroup>
    <ClInclude Include="Entity.h">
      <Filter>Objects\Entity</Filter>
    </ClInclude>
    <ClInclude Include="Defined.h">
      <Filter>Defined</Filter>
    </ClInclude>
    <ClInclude Include="Player.h">
      <Filter>Objects\Entity\Player</Filter>
    </ClInclude>
    <ClInclude Include="Obstacle.h">
      <Filter>Objects\Entity\Obstacle</Filter>
    </ClInclude>
    <ClInclude Include="Game.h">
      <Filter>Source Files</Filter>
    </ClInclude>
    <ClInclude Include="Map.h">
      <Filter>Map</Filter>
    </ClInclude>
    <ClInclude Include="Bullet.h">
      <Filter>Objects\Entity\Bullet</Filter>
    </ClInclude>
    <ClInclude Include="Enemy.h">
      <Filter>Objects\Entity\Enemy</Filter>
    </ClInclude>
    <ClInclude Include="Door.h">
      <Filter>Objects\Entity\Door</Filter>
    </ClInclude>
    <ClInclude Include="Room.h">
      <Filter>Map</Filter>
    </ClInclude>
    <ClInclude Include="Dungeon.h">
      <Filter>Map</Filter>
    </ClInclude>
    <ClInclude Include="Editor.h">
      <Filter>Editor</Filter>
    </ClInclude>
    <ClInclude Include="MouseInput.h">
      <Filter>Utilities</Filter>
    </ClInclude>
    <ClInclude Include="LuaManager.h">
      <Filter>Lua</Filter>
    </ClInclude>
    <ClInclude Include="LuaFunctionsWrapper.h">
      <Filter>Lua\FunctionWrapper</Filter>
    </ClInclude>
    <ClInclude Include="ILuaMember.h">
      <Filter>Lua\FunctionWrapper</Filter>
    </ClInclude>
  </ItemGroup>
  <ItemGroup>
    <None Include="Resources\Lua\test.lua">
      <Filter>Lua\Scripts</Filter>
    </None>
    <None Include="Resources\Lua\test2.lua" />
  </ItemGroup>
</Project>