<?xml version="1.0" encoding="utf-8"?>
<Project ToolsVersion="4.0" xmlns="http://schemas.microsoft.com/developer/msbuild/2003">
  <ItemGroup>
    <Filter Include="Source Files">
      <UniqueIdentifier>{4FC737F1-C7A5-4376-A066-2A32D752A2FF}</UniqueIdentifier>
      <Extensions>cpp;c;cc;cxx;def;odl;idl;hpj;bat;asm;asmx</Extensions>
    </Filter>
    <Filter Include="Objects">
      <UniqueIdentifier>{9b36af3b-3067-41a2-bd27-05c190ce71d8}</UniqueIdentifier>
    </Filter>
    <Filter Include="Objects\Entity">
      <UniqueIdentifier>{66850272-4d64-420f-8b3f-e5d1ad9771f5}</UniqueIdentifier>
    </Filter>
    <Filter Include="Objects\Obstacle">
      <UniqueIdentifier>{8001556b-858c-4976-a486-17e324588989}</UniqueIdentifier>
    </Filter>
    <Filter Include="Objects\Enemy">
      <UniqueIdentifier>{9531ee47-51bc-4fc0-8647-48fae78ba2d1}</UniqueIdentifier>
    </Filter>
    <Filter Include="Objects\Player">
      <UniqueIdentifier>{7445ec2e-17ea-43c0-a311-db5f0f1e96f9}</UniqueIdentifier>
    </Filter>
    <Filter Include="Map">
      <UniqueIdentifier>{c3147286-2001-483a-bf4e-3553a6e7a98e}</UniqueIdentifier>
    </Filter>
    <Filter Include="Defined">
      <UniqueIdentifier>{ac45d261-bacb-43bd-8489-b449362d2142}</UniqueIdentifier>
    </Filter>
  </ItemGroup>
  <ItemGroup>
    <ClCompile Include="Main.cpp">
      <Filter>Source Files</Filter>
    </ClCompile>
    <ClCompile Include="Entity.cpp">
      <Filter>Objects\Entity</Filter>
    </ClCompile>
    <ClCompile Include="Defined.cpp">
      <Filter>Defined</Filter>
    </ClCompile>
    <ClCompile Include="Player.cpp">
      <Filter>Source Files</Filter>
    </ClCompile>
  </ItemGroup>
  <ItemGroup>
    <ClInclude Include="Entity.h">
      <Filter>Objects\Entity</Filter>
    </ClInclude>
    <ClInclude Include="Defined.h">
      <Filter>Defined</Filter>
    </ClInclude>
    <ClInclude Include="Player.h" />
  </ItemGroup>
</Project>